// !$*UTF8*$!
{
	archiveVersion = 1;
	classes = {
	};
	objectVersion = 56;
	objects = {

/* Begin PBXBuildFile section */
		3C89FFBFA1054837B3EDD53A /* Pods_Cube.framework in Frameworks */ = {isa = PBXBuildFile; fileRef = D405479F5A518DBAFBC520CA /* Pods_Cube.framework */; };
		3E492E9029AB17620026BC5B /* AppDelegate.swift in Sources */ = {isa = PBXBuildFile; fileRef = 3E492E8F29AB17620026BC5B /* AppDelegate.swift */; };
		3E492E9229AB17620026BC5B /* SceneDelegate.swift in Sources */ = {isa = PBXBuildFile; fileRef = 3E492E9129AB17620026BC5B /* SceneDelegate.swift */; };
		3E492E9429AB17620026BC5B /* ViewController.swift in Sources */ = {isa = PBXBuildFile; fileRef = 3E492E9329AB17620026BC5B /* ViewController.swift */; };
		3E492E9729AB17620026BC5B /* Main.storyboard in Resources */ = {isa = PBXBuildFile; fileRef = 3E492E9529AB17620026BC5B /* Main.storyboard */; };
		3E492E9929AB17630026BC5B /* Assets.xcassets in Resources */ = {isa = PBXBuildFile; fileRef = 3E492E9829AB17630026BC5B /* Assets.xcassets */; };
		3E492E9C29AB17630026BC5B /* LaunchScreen.storyboard in Resources */ = {isa = PBXBuildFile; fileRef = 3E492E9A29AB17630026BC5B /* LaunchScreen.storyboard */; };
		3E492EA929AB19150026BC5B /* Localizable.strings in Resources */ = {isa = PBXBuildFile; fileRef = 3E492EA329AB19150026BC5B /* Localizable.strings */; };
		3E492EAA29AB19150026BC5B /* InfoPlist.strings in Resources */ = {isa = PBXBuildFile; fileRef = 3E492EA629AB19150026BC5B /* InfoPlist.strings */; };
		3E492EEA29ACCB1D0026BC5B /* GoogleService-Info.plist in Resources */ = {isa = PBXBuildFile; fileRef = 3E492EE929ACCB1D0026BC5B /* GoogleService-Info.plist */; };
		3E492EEC29ACCB4A0026BC5B /* Allo.swift in Sources */ = {isa = PBXBuildFile; fileRef = 3E492EEB29ACCB4A0026BC5B /* Allo.swift */; };
/* End PBXBuildFile section */

/* Begin PBXFileReference section */
		24CEFA8B419D67F8D9879D9E /* Pods-Cube.debug.xcconfig */ = {isa = PBXFileReference; includeInIndex = 1; lastKnownFileType = text.xcconfig; name = "Pods-Cube.debug.xcconfig"; path = "Target Support Files/Pods-Cube/Pods-Cube.debug.xcconfig"; sourceTree = "<group>"; };
		3E492E8C29AB17620026BC5B /* Cube.app */ = {isa = PBXFileReference; explicitFileType = wrapper.application; includeInIndex = 0; path = Cube.app; sourceTree = BUILT_PRODUCTS_DIR; };
		3E492E8F29AB17620026BC5B /* AppDelegate.swift */ = {isa = PBXFileReference; lastKnownFileType = sourcecode.swift; path = AppDelegate.swift; sourceTree = "<group>"; };
		3E492E9129AB17620026BC5B /* SceneDelegate.swift */ = {isa = PBXFileReference; lastKnownFileType = sourcecode.swift; path = SceneDelegate.swift; sourceTree = "<group>"; };
		3E492E9329AB17620026BC5B /* ViewController.swift */ = {isa = PBXFileReference; lastKnownFileType = sourcecode.swift; path = ViewController.swift; sourceTree = "<group>"; };
		3E492E9629AB17620026BC5B /* Base */ = {isa = PBXFileReference; lastKnownFileType = file.storyboard; name = Base; path = Base.lproj/Main.storyboard; sourceTree = "<group>"; };
		3E492E9829AB17630026BC5B /* Assets.xcassets */ = {isa = PBXFileReference; lastKnownFileType = folder.assetcatalog; path = Assets.xcassets; sourceTree = "<group>"; };
		3E492E9B29AB17630026BC5B /* Base */ = {isa = PBXFileReference; lastKnownFileType = file.storyboard; name = Base; path = Base.lproj/LaunchScreen.storyboard; sourceTree = "<group>"; };
		3E492E9D29AB17630026BC5B /* Info.plist */ = {isa = PBXFileReference; lastKnownFileType = text.plist.xml; path = Info.plist; sourceTree = "<group>"; };
		3E492EA429AB19150026BC5B /* ko */ = {isa = PBXFileReference; lastKnownFileType = text.plist.strings; name = ko; path = ko.lproj/Localizable.strings; sourceTree = "<group>"; };
		3E492EA529AB19150026BC5B /* en */ = {isa = PBXFileReference; lastKnownFileType = text.plist.strings; name = en; path = en.lproj/Localizable.strings; sourceTree = "<group>"; };
		3E492EA729AB19150026BC5B /* en */ = {isa = PBXFileReference; lastKnownFileType = text.plist.strings; name = en; path = en.lproj/InfoPlist.strings; sourceTree = "<group>"; };
		3E492EA829AB19150026BC5B /* ko */ = {isa = PBXFileReference; lastKnownFileType = text.plist.strings; name = ko; path = ko.lproj/InfoPlist.strings; sourceTree = "<group>"; };
		3E492EE829ACC8580026BC5B /* Cube.entitlements */ = {isa = PBXFileReference; lastKnownFileType = text.plist.entitlements; path = Cube.entitlements; sourceTree = "<group>"; };
		3E492EE929ACCB1D0026BC5B /* GoogleService-Info.plist */ = {isa = PBXFileReference; fileEncoding = 4; lastKnownFileType = text.plist.xml; path = "GoogleService-Info.plist"; sourceTree = "<group>"; };
		3E492EEB29ACCB4A0026BC5B /* Allo.swift */ = {isa = PBXFileReference; fileEncoding = 4; lastKnownFileType = sourcecode.swift; path = Allo.swift; sourceTree = "<group>"; };
		D405479F5A518DBAFBC520CA /* Pods_Cube.framework */ = {isa = PBXFileReference; explicitFileType = wrapper.framework; includeInIndex = 0; path = Pods_Cube.framework; sourceTree = BUILT_PRODUCTS_DIR; };
		E30981B1DC3C5286F8DDCED9 /* Pods-Cube.release.xcconfig */ = {isa = PBXFileReference; includeInIndex = 1; lastKnownFileType = text.xcconfig; name = "Pods-Cube.release.xcconfig"; path = "Target Support Files/Pods-Cube/Pods-Cube.release.xcconfig"; sourceTree = "<group>"; };
/* End PBXFileReference section */

/* Begin PBXFrameworksBuildPhase section */
		3E492E8929AB17620026BC5B /* Frameworks */ = {
			isa = PBXFrameworksBuildPhase;
			buildActionMask = 2147483647;
			files = (
				3C89FFBFA1054837B3EDD53A /* Pods_Cube.framework in Frameworks */,
			);
			runOnlyForDeploymentPostprocessing = 0;
		};
/* End PBXFrameworksBuildPhase section */

/* Begin PBXGroup section */
		3E492E8329AB17620026BC5B = {
			isa = PBXGroup;
			children = (
				3E492E8E29AB17620026BC5B /* Cube */,
				3E492E8D29AB17620026BC5B /* Products */,
				902CF7754F32468BA65D743B /* Pods */,
				BCE73462CEB9747A20589D51 /* Frameworks */,
			);
			sourceTree = "<group>";
		};
		3E492E8D29AB17620026BC5B /* Products */ = {
			isa = PBXGroup;
			children = (
				3E492E8C29AB17620026BC5B /* Cube.app */,
			);
			name = Products;
			sourceTree = "<group>";
		};
		3E492E8E29AB17620026BC5B /* Cube */ = {
			isa = PBXGroup;
			children = (
				3E492E9D29AB17630026BC5B /* Info.plist */,
				3E492EE829ACC8580026BC5B /* Cube.entitlements */,
				3E492EA629AB19150026BC5B /* InfoPlist.strings */,
				3E492EA329AB19150026BC5B /* Localizable.strings */,
				3E492EE929ACCB1D0026BC5B /* GoogleService-Info.plist */,
				3E492EEB29ACCB4A0026BC5B /* Allo.swift */,
				3E492E8F29AB17620026BC5B /* AppDelegate.swift */,
				3E492E9129AB17620026BC5B /* SceneDelegate.swift */,
				3E492E9329AB17620026BC5B /* ViewController.swift */,
				3E492E9529AB17620026BC5B /* Main.storyboard */,
				3E492E9829AB17630026BC5B /* Assets.xcassets */,
				3E492E9A29AB17630026BC5B /* LaunchScreen.storyboard */,
			);
			path = Cube;
			sourceTree = "<group>";
		};
		902CF7754F32468BA65D743B /* Pods */ = {
			isa = PBXGroup;
			children = (
				24CEFA8B419D67F8D9879D9E /* Pods-Cube.debug.xcconfig */,
				E30981B1DC3C5286F8DDCED9 /* Pods-Cube.release.xcconfig */,
			);
			path = Pods;
			sourceTree = "<group>";
		};
		BCE73462CEB9747A20589D51 /* Frameworks */ = {
			isa = PBXGroup;
			children = (
				D405479F5A518DBAFBC520CA /* Pods_Cube.framework */,
			);
			name = Frameworks;
			sourceTree = "<group>";
		};
/* End PBXGroup section */

/* Begin PBXNativeTarget section */
		3E492E8B29AB17620026BC5B /* Cube */ = {
			isa = PBXNativeTarget;
			buildConfigurationList = 3E492EA029AB17630026BC5B /* Build configuration list for PBXNativeTarget "Cube" */;
			buildPhases = (
				1291C07AA7F68D51BA5248D1 /* [CP] Check Pods Manifest.lock */,
				3E492E8829AB17620026BC5B /* Sources */,
				3E492E8929AB17620026BC5B /* Frameworks */,
				3E492E8A29AB17620026BC5B /* Resources */,
				E8F887C3D993A6337A62F183 /* [CP] Embed Pods Frameworks */,
			);
			buildRules = (
			);
			dependencies = (
			);
			name = Cube;
			productName = Cube;
			productReference = 3E492E8C29AB17620026BC5B /* Cube.app */;
			productType = "com.apple.product-type.application";
		};
/* End PBXNativeTarget section */

/* Begin PBXProject section */
		3E492E8429AB17620026BC5B /* Project object */ = {
			isa = PBXProject;
			attributes = {
				BuildIndependentTargetsInParallel = 1;
				LastSwiftUpdateCheck = 1420;
				LastUpgradeCheck = 1420;
				TargetAttributes = {
					3E492E8B29AB17620026BC5B = {
						CreatedOnToolsVersion = 14.2;
					};
				};
			};
			buildConfigurationList = 3E492E8729AB17620026BC5B /* Build configuration list for PBXProject "Cube" */;
			compatibilityVersion = "Xcode 14.0";
			developmentRegion = en;
			hasScannedForEncodings = 0;
			knownRegions = (
				en,
				Base,
				ko,
			);
			mainGroup = 3E492E8329AB17620026BC5B;
			productRefGroup = 3E492E8D29AB17620026BC5B /* Products */;
			projectDirPath = "";
			projectRoot = "";
			targets = (
				3E492E8B29AB17620026BC5B /* Cube */,
			);
		};
/* End PBXProject section */

/* Begin PBXResourcesBuildPhase section */
		3E492E8A29AB17620026BC5B /* Resources */ = {
			isa = PBXResourcesBuildPhase;
			buildActionMask = 2147483647;
			files = (
				3E492E9C29AB17630026BC5B /* LaunchScreen.storyboard in Resources */,
				3E492EA929AB19150026BC5B /* Localizable.strings in Resources */,
				3E492E9929AB17630026BC5B /* Assets.xcassets in Resources */,
				3E492E9729AB17620026BC5B /* Main.storyboard in Resources */,
				3E492EAA29AB19150026BC5B /* InfoPlist.strings in Resources */,
				3E492EEA29ACCB1D0026BC5B /* GoogleService-Info.plist in Resources */,
			);
			runOnlyForDeploymentPostprocessing = 0;
		};
/* End PBXResourcesBuildPhase section */

/* Begin PBXShellScriptBuildPhase section */
		1291C07AA7F68D51BA5248D1 /* [CP] Check Pods Manifest.lock */ = {
			isa = PBXShellScriptBuildPhase;
			buildActionMask = 2147483647;
			files = (
			);
			inputFileListPaths = (
			);
			inputPaths = (
				"${PODS_PODFILE_DIR_PATH}/Podfile.lock",
				"${PODS_ROOT}/Manifest.lock",
			);
			name = "[CP] Check Pods Manifest.lock";
			outputFileListPaths = (
			);
			outputPaths = (
				"$(DERIVED_FILE_DIR)/Pods-Cube-checkManifestLockResult.txt",
			);
			runOnlyForDeploymentPostprocessing = 0;
			shellPath = /bin/sh;
			shellScript = "diff \"${PODS_PODFILE_DIR_PATH}/Podfile.lock\" \"${PODS_ROOT}/Manifest.lock\" > /dev/null\nif [ $? != 0 ] ; then\n    # print error to STDERR\n    echo \"error: The sandbox is not in sync with the Podfile.lock. Run 'pod install' or update your CocoaPods installation.\" >&2\n    exit 1\nfi\n# This output is used by Xcode 'outputs' to avoid re-running this script phase.\necho \"SUCCESS\" > \"${SCRIPT_OUTPUT_FILE_0}\"\n";
			showEnvVarsInLog = 0;
		};
		E8F887C3D993A6337A62F183 /* [CP] Embed Pods Frameworks */ = {
			isa = PBXShellScriptBuildPhase;
			buildActionMask = 2147483647;
			files = (
			);
			inputFileListPaths = (
				"${PODS_ROOT}/Target Support Files/Pods-Cube/Pods-Cube-frameworks-${CONFIGURATION}-input-files.xcfilelist",
			);
			name = "[CP] Embed Pods Frameworks";
			outputFileListPaths = (
				"${PODS_ROOT}/Target Support Files/Pods-Cube/Pods-Cube-frameworks-${CONFIGURATION}-output-files.xcfilelist",
			);
			runOnlyForDeploymentPostprocessing = 0;
			shellPath = /bin/sh;
			shellScript = "\"${PODS_ROOT}/Target Support Files/Pods-Cube/Pods-Cube-frameworks.sh\"\n";
			showEnvVarsInLog = 0;
		};
/* End PBXShellScriptBuildPhase section */

/* Begin PBXSourcesBuildPhase section */
		3E492E8829AB17620026BC5B /* Sources */ = {
			isa = PBXSourcesBuildPhase;
			buildActionMask = 2147483647;
			files = (
				3E492E9429AB17620026BC5B /* ViewController.swift in Sources */,
				3E492EEC29ACCB4A0026BC5B /* Allo.swift in Sources */,
				3E492E9029AB17620026BC5B /* AppDelegate.swift in Sources */,
				3E492E9229AB17620026BC5B /* SceneDelegate.swift in Sources */,
			);
			runOnlyForDeploymentPostprocessing = 0;
		};
/* End PBXSourcesBuildPhase section */

/* Begin PBXVariantGroup section */
		3E492E9529AB17620026BC5B /* Main.storyboard */ = {
			isa = PBXVariantGroup;
			children = (
				3E492E9629AB17620026BC5B /* Base */,
			);
			name = Main.storyboard;
			sourceTree = "<group>";
		};
		3E492E9A29AB17630026BC5B /* LaunchScreen.storyboard */ = {
			isa = PBXVariantGroup;
			children = (
				3E492E9B29AB17630026BC5B /* Base */,
			);
			name = LaunchScreen.storyboard;
			sourceTree = "<group>";
		};
		3E492EA329AB19150026BC5B /* Localizable.strings */ = {
			isa = PBXVariantGroup;
			children = (
				3E492EA429AB19150026BC5B /* ko */,
				3E492EA529AB19150026BC5B /* en */,
			);
			name = Localizable.strings;
			sourceTree = "<group>";
		};
		3E492EA629AB19150026BC5B /* InfoPlist.strings */ = {
			isa = PBXVariantGroup;
			children = (
				3E492EA729AB19150026BC5B /* en */,
				3E492EA829AB19150026BC5B /* ko */,
			);
			name = InfoPlist.strings;
			sourceTree = "<group>";
		};
/* End PBXVariantGroup section */

/* Begin XCBuildConfiguration section */
		3E492E9E29AB17630026BC5B /* Debug */ = {
			isa = XCBuildConfiguration;
			buildSettings = {
				ALWAYS_SEARCH_USER_PATHS = NO;
				CLANG_ANALYZER_NONNULL = YES;
				CLANG_ANALYZER_NUMBER_OBJECT_CONVERSION = YES_AGGRESSIVE;
				CLANG_CXX_LANGUAGE_STANDARD = "gnu++20";
				CLANG_ENABLE_MODULES = YES;
				CLANG_ENABLE_OBJC_ARC = YES;
				CLANG_ENABLE_OBJC_WEAK = YES;
				CLANG_WARN_BLOCK_CAPTURE_AUTORELEASING = YES;
				CLANG_WARN_BOOL_CONVERSION = YES;
				CLANG_WARN_COMMA = YES;
				CLANG_WARN_CONSTANT_CONVERSION = YES;
				CLANG_WARN_DEPRECATED_OBJC_IMPLEMENTATIONS = YES;
				CLANG_WARN_DIRECT_OBJC_ISA_USAGE = YES_ERROR;
				CLANG_WARN_DOCUMENTATION_COMMENTS = YES;
				CLANG_WARN_EMPTY_BODY = YES;
				CLANG_WARN_ENUM_CONVERSION = YES;
				CLANG_WARN_INFINITE_RECURSION = YES;
				CLANG_WARN_INT_CONVERSION = YES;
				CLANG_WARN_NON_LITERAL_NULL_CONVERSION = YES;
				CLANG_WARN_OBJC_IMPLICIT_RETAIN_SELF = YES;
				CLANG_WARN_OBJC_LITERAL_CONVERSION = YES;
				CLANG_WARN_OBJC_ROOT_CLASS = YES_ERROR;
				CLANG_WARN_QUOTED_INCLUDE_IN_FRAMEWORK_HEADER = YES;
				CLANG_WARN_RANGE_LOOP_ANALYSIS = YES;
				CLANG_WARN_STRICT_PROTOTYPES = YES;
				CLANG_WARN_SUSPICIOUS_MOVE = YES;
				CLANG_WARN_UNGUARDED_AVAILABILITY = YES_AGGRESSIVE;
				CLANG_WARN_UNREACHABLE_CODE = YES;
				CLANG_WARN__DUPLICATE_METHOD_MATCH = YES;
				COPY_PHASE_STRIP = NO;
				DEBUG_INFORMATION_FORMAT = dwarf;
				ENABLE_STRICT_OBJC_MSGSEND = YES;
				ENABLE_TESTABILITY = YES;
				GCC_C_LANGUAGE_STANDARD = gnu11;
				GCC_DYNAMIC_NO_PIC = NO;
				GCC_NO_COMMON_BLOCKS = YES;
				GCC_OPTIMIZATION_LEVEL = 0;
				GCC_PREPROCESSOR_DEFINITIONS = (
					"DEBUG=1",
					"$(inherited)",
				);
				GCC_WARN_64_TO_32_BIT_CONVERSION = YES;
				GCC_WARN_ABOUT_RETURN_TYPE = YES_ERROR;
				GCC_WARN_UNDECLARED_SELECTOR = YES;
				GCC_WARN_UNINITIALIZED_AUTOS = YES_AGGRESSIVE;
				GCC_WARN_UNUSED_FUNCTION = YES;
				GCC_WARN_UNUSED_VARIABLE = YES;
				IPHONEOS_DEPLOYMENT_TARGET = 13.0;
				MTL_ENABLE_DEBUG_INFO = INCLUDE_SOURCE;
				MTL_FAST_MATH = YES;
				ONLY_ACTIVE_ARCH = YES;
				SDKROOT = iphoneos;
				SWIFT_ACTIVE_COMPILATION_CONDITIONS = DEBUG;
				SWIFT_OPTIMIZATION_LEVEL = "-Onone";
			};
			name = Debug;
		};
		3E492E9F29AB17630026BC5B /* Release */ = {
			isa = XCBuildConfiguration;
			buildSettings = {
				ALWAYS_SEARCH_USER_PATHS = NO;
				CLANG_ANALYZER_NONNULL = YES;
				CLANG_ANALYZER_NUMBER_OBJECT_CONVERSION = YES_AGGRESSIVE;
				CLANG_CXX_LANGUAGE_STANDARD = "gnu++20";
				CLANG_ENABLE_MODULES = YES;
				CLANG_ENABLE_OBJC_ARC = YES;
				CLANG_ENABLE_OBJC_WEAK = YES;
				CLANG_WARN_BLOCK_CAPTURE_AUTORELEASING = YES;
				CLANG_WARN_BOOL_CONVERSION = YES;
				CLANG_WARN_COMMA = YES;
				CLANG_WARN_CONSTANT_CONVERSION = YES;
				CLANG_WARN_DEPRECATED_OBJC_IMPLEMENTATIONS = YES;
				CLANG_WARN_DIRECT_OBJC_ISA_USAGE = YES_ERROR;
				CLANG_WARN_DOCUMENTATION_COMMENTS = YES;
				CLANG_WARN_EMPTY_BODY = YES;
				CLANG_WARN_ENUM_CONVERSION = YES;
				CLANG_WARN_INFINITE_RECURSION = YES;
				CLANG_WARN_INT_CONVERSION = YES;
				CLANG_WARN_NON_LITERAL_NULL_CONVERSION = YES;
				CLANG_WARN_OBJC_IMPLICIT_RETAIN_SELF = YES;
				CLANG_WARN_OBJC_LITERAL_CONVERSION = YES;
				CLANG_WARN_OBJC_ROOT_CLASS = YES_ERROR;
				CLANG_WARN_QUOTED_INCLUDE_IN_FRAMEWORK_HEADER = YES;
				CLANG_WARN_RANGE_LOOP_ANALYSIS = YES;
				CLANG_WARN_STRICT_PROTOTYPES = YES;
				CLANG_WARN_SUSPICIOUS_MOVE = YES;
				CLANG_WARN_UNGUARDED_AVAILABILITY = YES_AGGRESSIVE;
				CLANG_WARN_UNREACHABLE_CODE = YES;
				CLANG_WARN__DUPLICATE_METHOD_MATCH = YES;
				COPY_PHASE_STRIP = NO;
				DEBUG_INFORMATION_FORMAT = "dwarf-with-dsym";
				ENABLE_NS_ASSERTIONS = NO;
				ENABLE_STRICT_OBJC_MSGSEND = YES;
				GCC_C_LANGUAGE_STANDARD = gnu11;
				GCC_NO_COMMON_BLOCKS = YES;
				GCC_WARN_64_TO_32_BIT_CONVERSION = YES;
				GCC_WARN_ABOUT_RETURN_TYPE = YES_ERROR;
				GCC_WARN_UNDECLARED_SELECTOR = YES;
				GCC_WARN_UNINITIALIZED_AUTOS = YES_AGGRESSIVE;
				GCC_WARN_UNUSED_FUNCTION = YES;
				GCC_WARN_UNUSED_VARIABLE = YES;
				IPHONEOS_DEPLOYMENT_TARGET = 13.0;
				MTL_ENABLE_DEBUG_INFO = NO;
				MTL_FAST_MATH = YES;
				SDKROOT = iphoneos;
				SWIFT_COMPILATION_MODE = wholemodule;
				SWIFT_OPTIMIZATION_LEVEL = "-O";
				VALIDATE_PRODUCT = YES;
			};
			name = Release;
		};
		3E492EA129AB17630026BC5B /* Debug */ = {
			isa = XCBuildConfiguration;
			baseConfigurationReference = 24CEFA8B419D67F8D9879D9E /* Pods-Cube.debug.xcconfig */;
			buildSettings = {
				ASSETCATALOG_COMPILER_APPICON_NAME = AppIcon;
				ASSETCATALOG_COMPILER_GLOBAL_ACCENT_COLOR_NAME = AccentColor;
				CODE_SIGN_ENTITLEMENTS = Cube/Cube.entitlements;
				CODE_SIGN_STYLE = Automatic;
				CURRENT_PROJECT_VERSION = 20230201;
				DEVELOPMENT_TEAM = L9TQL73VB2;
				GENERATE_INFOPLIST_FILE = YES;
				INFOPLIST_FILE = Cube/Info.plist;
				INFOPLIST_KEY_UIApplicationSupportsIndirectInputEvents = YES;
				INFOPLIST_KEY_UILaunchStoryboardName = LaunchScreen;
				INFOPLIST_KEY_UIMainStoryboardFile = Main;
				INFOPLIST_KEY_UISupportedInterfaceOrientations_iPad = "UIInterfaceOrientationPortrait UIInterfaceOrientationPortraitUpsideDown UIInterfaceOrientationLandscapeLeft UIInterfaceOrientationLandscapeRight";
				INFOPLIST_KEY_UISupportedInterfaceOrientations_iPhone = "UIInterfaceOrientationPortrait UIInterfaceOrientationLandscapeLeft UIInterfaceOrientationLandscapeRight";
				IPHONEOS_DEPLOYMENT_TARGET = 13.0;
				LD_RUNPATH_SEARCH_PATHS = (
					"$(inherited)",
					"@executable_path/Frameworks",
				);
				MARKETING_VERSION = 0.1.0;
				PRODUCT_BUNDLE_IDENTIFIER = com.demo.swift.hybrid;
				PRODUCT_NAME = "$(TARGET_NAME)";
				SWIFT_EMIT_LOC_STRINGS = YES;
				SWIFT_VERSION = 5.0;
				TARGETED_DEVICE_FAMILY = "1,2";
			};
			name = Debug;
		};
		3E492EA229AB17630026BC5B /* Release */ = {
			isa = XCBuildConfiguration;
			baseConfigurationReference = E30981B1DC3C5286F8DDCED9 /* Pods-Cube.release.xcconfig */;
			buildSettings = {
				ASSETCATALOG_COMPILER_APPICON_NAME = AppIcon;
				ASSETCATALOG_COMPILER_GLOBAL_ACCENT_COLOR_NAME = AccentColor;
				CODE_SIGN_ENTITLEMENTS = Cube/Cube.entitlements;
				CODE_SIGN_STYLE = Automatic;
				CURRENT_PROJECT_VERSION = 20230201;
				DEVELOPMENT_TEAM = L9TQL73VB2;
				GENERATE_INFOPLIST_FILE = YES;
				INFOPLIST_FILE = Cube/Info.plist;
				INFOPLIST_KEY_UIApplicationSupportsIndirectInputEvents = YES;
				INFOPLIST_KEY_UILaunchStoryboardName = LaunchScreen;
				INFOPLIST_KEY_UIMainStoryboardFile = Main;
				INFOPLIST_KEY_UISupportedInterfaceOrientations_iPad = "UIInterfaceOrientationPortrait UIInterfaceOrientationPortraitUpsideDown UIInterfaceOrientationLandscapeLeft UIInterfaceOrientationLandscapeRight";
				INFOPLIST_KEY_UISupportedInterfaceOrientations_iPhone = "UIInterfaceOrientationPortrait UIInterfaceOrientationLandscapeLeft UIInterfaceOrientationLandscapeRight";
				IPHONEOS_DEPLOYMENT_TARGET = 13.0;
				LD_RUNPATH_SEARCH_PATHS = (
					"$(inherited)",
					"@executable_path/Frameworks",
				);
				MARKETING_VERSION = 0.1.0;
				PRODUCT_BUNDLE_IDENTIFIER = com.demo.swift.hybrid;
				PRODUCT_NAME = "$(TARGET_NAME)";
				SWIFT_EMIT_LOC_STRINGS = YES;
				SWIFT_VERSION = 5.0;
				TARGETED_DEVICE_FAMILY = "1,2";
			};
			name = Release;
		};
/* End XCBuildConfiguration section */

/* Begin XCConfigurationList section */
		3E492E8729AB17620026BC5B /* Build configuration list for PBXProject "Cube" */ = {
			isa = XCConfigurationList;
			buildConfigurations = (
				3E492E9E29AB17630026BC5B /* Debug */,
				3E492E9F29AB17630026BC5B /* Release */,
			);
			defaultConfigurationIsVisible = 0;
			defaultConfigurationName = Release;
		};
		3E492EA029AB17630026BC5B /* Build configuration list for PBXNativeTarget "Cube" */ = {
			isa = XCConfigurationList;
			buildConfigurations = (
				3E492EA129AB17630026BC5B /* Debug */,
				3E492EA229AB17630026BC5B /* Release */,
			);
			defaultConfigurationIsVisible = 0;
			defaultConfigurationName = Release;
		};
/* End XCConfigurationList section */
	};
	rootObject = 3E492E8429AB17620026BC5B /* Project object */;
}
